# THIS IS AN AUTOGENERATED FILE. DO NOT EDIT THIS FILE DIRECTLY.
# yarn lockfile v1


classnames@^2.1.3:
  version "2.2.5"
  resolved "https://registry.yarnpkg.com/classnames/-/classnames-2.2.5.tgz#fb3801d453467649ef3603c7d61a02bd129bde6d"

define-properties@^1.1.2:
  version "1.1.2"
  resolved "https://registry.yarnpkg.com/define-properties/-/define-properties-1.1.2.tgz#83a73f2fea569898fb737193c8f873caf6d45c94"
  dependencies:
    foreach "^2.0.5"
    object-keys "^1.0.8"

foreach@^2.0.5:
  version "2.0.5"
  resolved "https://registry.yarnpkg.com/foreach/-/foreach-2.0.5.tgz#0bee005018aeb260d0a3af3ae658dd0136ec1b99"

form-input-serialize@^1.0.12:
  version "1.0.12"
  resolved "https://registry.yarnpkg.com/form-input-serialize/-/form-input-serialize-1.0.12.tgz#2b1491dc38cf9c4e68f6060361f8f6b3b5ea2449"
  dependencies:
    form-serialize alvinsj/form-serialize#export-fn
    object-assign "^4.x.x"

form-serialize@alvinsj/form-serialize#export-fn:
  version "0.7.1"
  resolved "https://codeload.github.com/alvinsj/form-serialize/tar.gz/228e1b738c3297bde5c003817fd371d7385e3c59"

function-bind@^1.1.0:
  version "1.1.0"
  resolved "https://registry.yarnpkg.com/function-bind/-/function-bind-1.1.0.tgz#16176714c801798e4e8f2cf7f7529467bb4a5771"

object-assign@^4.0.1, object-assign@^4.x.x:
  version "4.1.1"
  resolved "https://registry.yarnpkg.com/object-assign/-/object-assign-4.1.1.tgz#2109adc7965887cfc05cbbd442cac8bfbb360863"

object-keys@^1.0.10, object-keys@^1.0.8:
  version "1.0.11"
  resolved "https://registry.yarnpkg.com/object-keys/-/object-keys-1.0.11.tgz#c54601778ad560f1142ce0e01bcca8b56d13426d"

object.assign@^4.0.4:
  version "4.0.4"
  resolved "https://registry.yarnpkg.com/object.assign/-/object.assign-4.0.4.tgz#b1c9cc044ef1b9fe63606fc141abbb32e14730cc"
  dependencies:
    define-properties "^1.1.2"
    function-bind "^1.1.0"
    object-keys "^1.0.10"

react-layout-builder@^1.0.12:
  version "1.0.12"
  resolved "https://registry.yarnpkg.com/react-layout-builder/-/react-layout-builder-1.0.12.tgz#212e075d8ce981b86434c672ce5804f733fb2861"
  dependencies:
    form-input-serialize "^1.0.12"
    object-assign "^4.x.x"
