# THIS IS AN AUTOGENERATED FILE. DO NOT EDIT THIS FILE DIRECTLY.
# yarn lockfile v1


"@alvinsj/form-serialize@^0.7.2-alpha.1":
  version "0.7.2-alpha.1"
  resolved "https://registry.yarnpkg.com/@alvinsj/form-serialize/-/form-serialize-0.7.2-alpha.1.tgz#66a774f38139d067dad498d4e5a48eadf6592afb"

object-assign@^4.x.x:
  version "4.1.1"
  resolved "https://registry.yarnpkg.com/object-assign/-/object-assign-4.1.1.tgz#2109adc7965887cfc05cbbd442cac8bfbb360863"
