# THIS IS AN AUTOGENERATED FILE. DO NOT EDIT THIS FILE DIRECTLY.
# yarn lockfile v1


form-serialize@blacktangent/form-serialize#export-fn:
  version "0.7.2.alpha.1"
  resolved "https://codeload.github.com/blacktangent/form-serialize/tar.gz/8e5f6342ba357e1afd5599e18977924c9a7458f8"

object-assign@^4.x.x:
  version "4.1.1"
  resolved "https://registry.yarnpkg.com/object-assign/-/object-assign-4.1.1.tgz#2109adc7965887cfc05cbbd442cac8bfbb360863"
