# THIS IS AN AUTOGENERATED FILE. DO NOT EDIT THIS FILE DIRECTLY.
# yarn lockfile v1


"@alvinsj/form-serialize@^0.7.1":
  version "0.7.1"
  resolved "https://registry.yarnpkg.com/@alvinsj/form-serialize/-/form-serialize-0.7.1.tgz#73280c4c4b6971ba17c0913854747d59e5ccb165"

object-assign@^4.x.x:
  version "4.1.1"
  resolved "https://registry.yarnpkg.com/object-assign/-/object-assign-4.1.1.tgz#2109adc7965887cfc05cbbd442cac8bfbb360863"
